github.com/ardanlabs/conf/v3 v3.1.8 h1:r0KUV9/Hni5XdeWR2+A1BiedIDnry5CjezoqgJ0rnFQ=
github.com/ardanlabs/conf/v3 v3.1.8/go.mod h1:OIi6NK95fj8jKFPdZ/UmcPlY37JBg99hdP9o5XmNK9c=
github.com/dimfeld/httptreemux/v5 v5.5.0 h1:p8jkiMrCuZ0CmhwYLcbNbl7DDo21fozhKHQ2PccwOFQ=
github.com/dimfeld/httptreemux/v5 v5.5.0/go.mod h1:QeEylH57C0v3VO0tkKraVz9oD3Uu93CKPnTLbsidvSw=
github.com/go-json-experiment/json v0.0.0-20231102232822-2e55bd4e08b0 h1:ymLjT4f35nQbASLnvxEde4XOBL+Sn7rFuV+FOJqkljg=
github.com/go-json-experiment/json v0.0.0-20231102232822-2e55bd4e08b0/go.mod h1:6daplAwHHGbUGib4990V3Il26O0OC4aRyvewaaAihaA=
github.com/google/go-cmp v0.3.1 h1:Xye71clBPdm5HgqGwUkwhbynsUJZhDbS20FvLhQ2izg=
github.com/google/go-cmp v0.3.1/go.mod h1:8QqcDgzrUqlUb/G2PQTWiueGozuR1884gddMywk6iLU=
gopkg.in/yaml.v3 v3.0.1 h1:fxVm/GzAzEWqLHuvctI91KS9hhNmmWOoWu0XTYJS7CA=
gopkg.in/yaml.v3 v3.0.1/go.mod h1:K4uyk7z7BCEPqu6E+C64Yfv1cQ7kz7rIZviUmN+EgEM=
